{
  "name": "@sencrop/capacitor-intercom",
  "version": "3.0.2",
  "lockfileVersion": 1,
  "requires": true,
  "dependencies": {
    "@capacitor/android": {
      "version": "3.0.0-rc.0",
      "resolved": "https://registry.npmjs.org/@capacitor/android/-/android-3.0.0-rc.0.tgz",
      "integrity": "sha512-61CDzUQ6H3uqM/jmvq40wX4c0HuUAQvdBsvF94mGlFU3IKtjAjFV/UyrLfYgdL6v1RD+hv6UGUUj9k1Kto7sPA==",
      "dev": true
    },
    "@capacitor/core": {
      "version": "3.0.0-rc.0",
      "resolved": "https://registry.npmjs.org/@capacitor/core/-/core-3.0.0-rc.0.tgz",
      "integrity": "sha512-mg9k9iP+/yZ/uEqnOO+Pqc6Dqlyz98y19gNTP3q5dcUBVizGLaze615jt7xwjRppXlmCm+DMD1lN68ye8gU/dw==",
      "requires": {
        "tslib": "^2.1.0"
      }
    },
    "@capacitor/ios": {
      "version": "3.0.0-rc.0",
      "resolved": "https://registry.npmjs.org/@capacitor/ios/-/ios-3.0.0-rc.0.tgz",
      "integrity": "sha512-c92qeHIKoC/HPBB9Ji+kdn9LJ2HPeRoWpamV/7OOlS2SAB+GjHWHWjuP8aWLnUFqFZxI7Mfrfo65Gd6N4haoGw==",
      "dev": true
    },
    "tslib": {
      "version": "2.1.0",
      "resolved": "https://registry.npmjs.org/tslib/-/tslib-2.1.0.tgz",
      "integrity": "sha512-hcVC3wYEziELGGmEEXue7D75zbwIIVUMWAVbHItGPx0ziyXxrOMQx4rQEVEV45Ut/1IotuEvwqPopzIOkDMf0A=="
    },
    "typescript": {
      "version": "4.2.3",
      "resolved": "https://registry.npmjs.org/typescript/-/typescript-4.2.3.tgz",
      "integrity": "sha512-qOcYwxaByStAWrBf4x0fibwZvMRG+r4cQoTjbPtUlrWjBHbmCAww1i448U0GJ+3cNNEtebDteo/cHOR3xJ4wEw==",
      "dev": true
    }
  }
}
