PODS:
  - Capacitor (1.0.0):
    - CapacitorCordova (= 1.0.0)
  - CapacitorCordova (1.0.0)
  - Intercom (7.1.0)

DEPENDENCIES:
  - "Capacitor (from `../node_modules/@capacitor/ios`)"
  - Intercom

SPEC REPOS:
  trunk:
    - CapacitorCordova
    - Intercom

EXTERNAL SOURCES:
  Capacitor:
    :path: "../node_modules/@capacitor/ios"

SPEC CHECKSUMS:
  Capacitor: 293041cf11f6dd1dffc80b5d5d557293863d4a08
  CapacitorCordova: dd5a5a6ca827445b1f97ed0bb9ca4dbf424802c3
  Intercom: 00fc70b244c5c000d70fa18899883d07227fcdba

PODFILE CHECKSUM: 12cb252592fee248b280dce017fb5d4501b2c32f

COCOAPODS: 1.8.4
