PODS:
  - Capacitor (3.8.0):
    - CapacitorCordova
  - CapacitorCordova (3.8.0)
  - Intercom (12.4.3)

DEPENDENCIES:
  - "Capacitor (from `../node_modules/@capacitor/ios`)"
  - "CapacitorCordova (from `../node_modules/@capacitor/ios`)"
  - Intercom (~> 12.4.3)

SPEC REPOS:
  trunk:
    - Intercom

EXTERNAL SOURCES:
  Capacitor:
    :path: "../node_modules/@capacitor/ios"
  CapacitorCordova:
    :path: "../node_modules/@capacitor/ios"

SPEC CHECKSUMS:
  Capacitor: 858180089d91c2da74977836a9da6586a4215552
  CapacitorCordova: c529275185e3cfb6c2015c1500efa563e867b2de
  Intercom: 43bfacc55b1c93cce9ec569833696d3f15678430

PODFILE CHECKSUM: 732093cd4c45ffda3dc697ac1fdcbfbcfaf143e4

COCOAPODS: 1.11.3
