PODS:
  - Capacitor (3.5.1):
    - CapacitorCordova
  - CapacitorCordova (3.5.1)
  - Intercom (12.4.3)

DEPENDENCIES:
  - "Capacitor (from `../node_modules/@capacitor/ios`)"
  - "CapacitorCordova (from `../node_modules/@capacitor/ios`)"
  - Intercom (~> 12.4.3)

SPEC REPOS:
  trunk:
    - Intercom

EXTERNAL SOURCES:
  Capacitor:
    :path: "../node_modules/@capacitor/ios"
  CapacitorCordova:
    :path: "../node_modules/@capacitor/ios"

SPEC CHECKSUMS:
  Capacitor: a13a4a985bf4e3eac033c74848c77ff29dfa13ca
  CapacitorCordova: 9305ba1d3c73fa7271f5b2c3ca8a92ea76b56c74
  Intercom: 43bfacc55b1c93cce9ec569833696d3f15678430

PODFILE CHECKSUM: 732093cd4c45ffda3dc697ac1fdcbfbcfaf143e4

COCOAPODS: 1.11.3
